
Microsoft Visual Studio Solution File, Format Version 12.00
# Visual Studio Version 16
VisualStudioVersion = 16.0.29001.49
MinimumVisualStudioVersion = 10.0.40219.1
Project("{FAE04EC0-301F-11D3-BF4B-00C04F79EFBC}") = "AspNetCoreInAction", "AspNetCoreInAction\AspNetCoreInAction.csproj", "{32D66CB8-DFA4-40D2-8387-B221769209AB}"
EndProject
Global
	GlobalSection(SolutionConfigurationPlatforms) = preSolution
		Debug|Any CPU = Debug|Any CPU
		Release|Any CPU = Release|Any CPU
	EndGlobalSection
	GlobalSection(ProjectConfigurationPlatforms) = postSolution
		{32D66CB8-DFA4-40D2-8387-B221769209AB}.Debug|Any CPU.ActiveCfg = Debug|Any CPU
		{32D66CB8-DFA4-40D2-8387-B221769209AB}.Debug|Any CPU.Build.0 = Debug|Any CPU
		{32D66CB8-DFA4-40D2-8387-B221769209AB}.Release|Any CPU.ActiveCfg = Release|Any CPU
		{32D66CB8-DFA4-40D2-8387-B221769209AB}.Release|Any CPU.Build.0 = Release|Any CPU
	EndGlobalSection
	GlobalSection(SolutionProperties) = preSolution
		HideSolutionNode = FALSE
	EndGlobalSection
	GlobalSection(ExtensibilityGlobals) = postSolution
		SolutionGuid = {660551D1-AA5E-493D-B3ED-A560EA769D68}
	EndGlobalSection
EndGlobal
